
Microsoft Visual Studio Solution File, Format Version 12.00
# Visual Studio 15
VisualStudioVersion = 15.0.28307.271
MinimumVisualStudioVersion = 10.0.40219.1
Project("{FAE04EC0-301F-11D3-BF4B-00C04F79EFBC}") = "CodeFactoryPoC", "CodeFactoryPoC\CodeFactoryPoC.csproj", "{F9E93736-FC37-48E6-870B-752695BF4087}"
EndProject
Project("{FAE04EC0-301F-11D3-BF4B-00C04F79EFBC}") = "CodeFactoryDemo", "CodeFactoryDemo\CodeFactoryDemo.csproj", "{8FAC41DD-4DC3-4ECB-99B6-2F8AD422003C}"
EndProject
Project("{FAE04EC0-301F-11D3-BF4B-00C04F79EFBC}") = "ControllerGenerator", "ControllerGenerator\ControllerGenerator.csproj", "{C3DD2C6E-EBD1-4020-8D98-F214CE3FCF76}"
EndProject
Global
	GlobalSection(SolutionConfigurationPlatforms) = preSolution
		Debug|Any CPU = Debug|Any CPU
		Release|Any CPU = Release|Any CPU
	EndGlobalSection
	GlobalSection(ProjectConfigurationPlatforms) = postSolution
		{F9E93736-FC37-48E6-870B-752695BF4087}.Debug|Any CPU.ActiveCfg = Debug|Any CPU
		{F9E93736-FC37-48E6-870B-752695BF4087}.Debug|Any CPU.Build.0 = Debug|Any CPU
		{F9E93736-FC37-48E6-870B-752695BF4087}.Release|Any CPU.ActiveCfg = Release|Any CPU
		{F9E93736-FC37-48E6-870B-752695BF4087}.Release|Any CPU.Build.0 = Release|Any CPU
		{8FAC41DD-4DC3-4ECB-99B6-2F8AD422003C}.Debug|Any CPU.ActiveCfg = Debug|Any CPU
		{8FAC41DD-4DC3-4ECB-99B6-2F8AD422003C}.Debug|Any CPU.Build.0 = Debug|Any CPU
		{8FAC41DD-4DC3-4ECB-99B6-2F8AD422003C}.Release|Any CPU.ActiveCfg = Release|Any CPU
		{8FAC41DD-4DC3-4ECB-99B6-2F8AD422003C}.Release|Any CPU.Build.0 = Release|Any CPU
		{C3DD2C6E-EBD1-4020-8D98-F214CE3FCF76}.Debug|Any CPU.ActiveCfg = Debug|Any CPU
		{C3DD2C6E-EBD1-4020-8D98-F214CE3FCF76}.Debug|Any CPU.Build.0 = Debug|Any CPU
		{C3DD2C6E-EBD1-4020-8D98-F214CE3FCF76}.Release|Any CPU.ActiveCfg = Release|Any CPU
		{C3DD2C6E-EBD1-4020-8D98-F214CE3FCF76}.Release|Any CPU.Build.0 = Release|Any CPU
	EndGlobalSection
	GlobalSection(SolutionProperties) = preSolution
		HideSolutionNode = FALSE
	EndGlobalSection
	GlobalSection(ExtensibilityGlobals) = postSolution
		SolutionGuid = {D8719ACB-35DC-4476-8A14-544BCE0BB896}
	EndGlobalSection
EndGlobal
